Microsoft Visual Studio Solution File, Format Version 12.00
# Visual Studio 15
VisualStudioVersion = 15.0.27130.2024
MinimumVisualStudioVersion = 10.0.40219.1
Project("{9A19103F-16F7-4668-BE54-9A1E7A4F7556}") = "KennUwareHR", "KennUwareHR\KennUwareHR.csproj", "{017D676B-CF3C-4612-AA56-972EC50A610C}"
EndProject
Project("{9A19103F-16F7-4668-BE54-9A1E7A4F7556}") = "KennUwareHR.Test", "KennUwareHR.Test\KennUwareHR.Test.csproj", "{C2E0322E-F684-48D8-A62E-7A15BB7124DD}"
EndProject
Global
	GlobalSection(SolutionConfigurationPlatforms) = preSolution
		Debug|Any CPU = Debug|Any CPU
		Debug|x64 = Debug|x64
		Debug|x86 = Debug|x86
		Release|Any CPU = Release|Any CPU
		Release|x64 = Release|x64
		Release|x86 = Release|x86
	EndGlobalSection
	GlobalSection(ProjectConfigurationPlatforms) = postSolution
		{017D676B-CF3C-4612-AA56-972EC50A610C}.Debug|Any CPU.ActiveCfg = Debug|Any CPU
		{017D676B-CF3C-4612-AA56-972EC50A610C}.Debug|Any CPU.Build.0 = Debug|Any CPU
		{017D676B-CF3C-4612-AA56-972EC50A610C}.Debug|x64.ActiveCfg = Debug|Any CPU
		{017D676B-CF3C-4612-AA56-972EC50A610C}.Debug|x64.Build.0 = Debug|Any CPU
		{017D676B-CF3C-4612-AA56-972EC50A610C}.Debug|x86.ActiveCfg = Debug|Any CPU
		{017D676B-CF3C-4612-AA56-972EC50A610C}.Debug|x86.Build.0 = Debug|Any CPU
		{017D676B-CF3C-4612-AA56-972EC50A610C}.Release|Any CPU.ActiveCfg = Release|Any CPU
		{017D676B-CF3C-4612-AA56-972EC50A610C}.Release|Any CPU.Build.0 = Release|Any CPU
		{017D676B-CF3C-4612-AA56-972EC50A610C}.Release|x64.ActiveCfg = Release|Any CPU
		{017D676B-CF3C-4612-AA56-972EC50A610C}.Release|x64.Build.0 = Release|Any CPU
		{017D676B-CF3C-4612-AA56-972EC50A610C}.Release|x86.ActiveCfg = Release|Any CPU
		{017D676B-CF3C-4612-AA56-972EC50A610C}.Release|x86.Build.0 = Release|Any CPU
		{C2E0322E-F684-48D8-A62E-7A15BB7124DD}.Debug|Any CPU.ActiveCfg = Debug|Any CPU
		{C2E0322E-F684-48D8-A62E-7A15BB7124DD}.Debug|Any CPU.Build.0 = Debug|Any CPU
		{C2E0322E-F684-48D8-A62E-7A15BB7124DD}.Debug|x64.ActiveCfg = Debug|Any CPU
		{C2E0322E-F684-48D8-A62E-7A15BB7124DD}.Debug|x64.Build.0 = Debug|Any CPU
		{C2E0322E-F684-48D8-A62E-7A15BB7124DD}.Debug|x86.ActiveCfg = Debug|Any CPU
		{C2E0322E-F684-48D8-A62E-7A15BB7124DD}.Debug|x86.Build.0 = Debug|Any CPU
		{C2E0322E-F684-48D8-A62E-7A15BB7124DD}.Release|Any CPU.ActiveCfg = Release|Any CPU
		{C2E0322E-F684-48D8-A62E-7A15BB7124DD}.Release|Any CPU.Build.0 = Release|Any CPU
		{C2E0322E-F684-48D8-A62E-7A15BB7124DD}.Release|x64.ActiveCfg = Release|Any CPU
		{C2E0322E-F684-48D8-A62E-7A15BB7124DD}.Release|x64.Build.0 = Release|Any CPU
		{C2E0322E-F684-48D8-A62E-7A15BB7124DD}.Release|x86.ActiveCfg = Release|Any CPU
		{C2E0322E-F684-48D8-A62E-7A15BB7124DD}.Release|x86.Build.0 = Release|Any CPU
	EndGlobalSection
	GlobalSection(SolutionProperties) = preSolution
		HideSolutionNode = FALSE
	EndGlobalSection
	GlobalSection(ExtensibilityGlobals) = postSolution
		SolutionGuid = {ED942974-D5F2-4A05-90B8-14193EA1EFBF}
	EndGlobalSection
EndGlobal
